// !$*UTF8*$!
{
	archiveVersion = 1;
	classes = {
	};
	objectVersion = 46;
	objects = {

/* Begin PBXBuildFile section */
		5E827DF81C4DBC03006C3274 /* doListController.swift in Sources */ = {isa = PBXBuildFile; fileRef = 5E827DF71C4DBC03006C3274 /* doListController.swift */; };
		5E8389611C4DBACF00476AA4 /* AppDelegate.swift in Sources */ = {isa = PBXBuildFile; fileRef = 5E8389601C4DBACF00476AA4 /* AppDelegate.swift */; };
		5E8389661C4DBACF00476AA4 /* Main.storyboard in Resources */ = {isa = PBXBuildFile; fileRef = 5E8389641C4DBACF00476AA4 /* Main.storyboard */; };
		5E8389681C4DBACF00476AA4 /* Assets.xcassets in Resources */ = {isa = PBXBuildFile; fileRef = 5E8389671C4DBACF00476AA4 /* Assets.xcassets */; };
		5E83896B1C4DBACF00476AA4 /* LaunchScreen.storyboard in Resources */ = {isa = PBXBuildFile; fileRef = 5E8389691C4DBACF00476AA4 /* LaunchScreen.storyboard */; };
		93A8C727C330EAD70F6AB41B /* Pods.framework in Frameworks */ = {isa = PBXBuildFile; fileRef = 9EDAB827C4A7B1E2AB19E18C /* Pods.framework */; };
/* End PBXBuildFile section */

/* Begin PBXFileReference section */
		5D15D619D5CE31760F30F901 /* Pods.debug.xcconfig */ = {isa = PBXFileReference; includeInIndex = 1; lastKnownFileType = text.xcconfig; name = Pods.debug.xcconfig; path = "Pods/Target Support Files/Pods/Pods.debug.xcconfig"; sourceTree = "<group>"; };
		5E827DF71C4DBC03006C3274 /* doListController.swift */ = {isa = PBXFileReference; fileEncoding = 4; lastKnownFileType = sourcecode.swift; path = doListController.swift; sourceTree = "<group>"; };
		5E83895D1C4DBACF00476AA4 /* TrudieDo.app */ = {isa = PBXFileReference; explicitFileType = wrapper.application; includeInIndex = 0; path = TrudieDo.app; sourceTree = BUILT_PRODUCTS_DIR; };
		5E8389601C4DBACF00476AA4 /* AppDelegate.swift */ = {isa = PBXFileReference; lastKnownFileType = sourcecode.swift; path = AppDelegate.swift; sourceTree = "<group>"; };
		5E8389651C4DBACF00476AA4 /* Base */ = {isa = PBXFileReference; lastKnownFileType = file.storyboard; name = Base; path = Base.lproj/Main.storyboard; sourceTree = "<group>"; };
		5E8389671C4DBACF00476AA4 /* Assets.xcassets */ = {isa = PBXFileReference; lastKnownFileType = folder.assetcatalog; path = Assets.xcassets; sourceTree = "<group>"; };
		5E83896A1C4DBACF00476AA4 /* Base */ = {isa = PBXFileReference; lastKnownFileType = file.storyboard; name = Base; path = Base.lproj/LaunchScreen.storyboard; sourceTree = "<group>"; };
		5E83896C1C4DBACF00476AA4 /* Info.plist */ = {isa = PBXFileReference; lastKnownFileType = text.plist.xml; path = Info.plist; sourceTree = "<group>"; };
		9EDAB827C4A7B1E2AB19E18C /* Pods.framework */ = {isa = PBXFileReference; explicitFileType = wrapper.framework; includeInIndex = 0; path = Pods.framework; sourceTree = BUILT_PRODUCTS_DIR; };
		B0C1DB1F94EA8518CC1080D1 /* Pods.release.xcconfig */ = {isa = PBXFileReference; includeInIndex = 1; lastKnownFileType = text.xcconfig; name = Pods.release.xcconfig; path = "Pods/Target Support Files/Pods/Pods.release.xcconfig"; sourceTree = "<group>"; };
/* End PBXFileReference section */

/* Begin PBXFrameworksBuildPhase section */
		5E83895A1C4DBACF00476AA4 /* Frameworks */ = {
			isa = PBXFrameworksBuildPhase;
			buildActionMask = 2147483647;
			files = (
				93A8C727C330EAD70F6AB41B /* Pods.framework in Frameworks */,
			);
			runOnlyForDeploymentPostprocessing = 0;
		};
/* End PBXFrameworksBuildPhase section */

/* Begin PBXGroup section */
		5E8389541C4DBACF00476AA4 = {
			isa = PBXGroup;
			children = (
				5E83895F1C4DBACF00476AA4 /* TrudieDo */,
				5E83895E1C4DBACF00476AA4 /* Products */,
				9CC1EF6690078049C39C02B7 /* Pods */,
				90899254C18661B190857955 /* Frameworks */,
			);
			sourceTree = "<group>";
		};
		5E83895E1C4DBACF00476AA4 /* Products */ = {
			isa = PBXGroup;
			children = (
				5E83895D1C4DBACF00476AA4 /* TrudieDo.app */,
			);
			name = Products;
			sourceTree = "<group>";
		};
		5E83895F1C4DBACF00476AA4 /* TrudieDo */ = {
			isa = PBXGroup;
			children = (
				5E8389601C4DBACF00476AA4 /* AppDelegate.swift */,
				5E8389641C4DBACF00476AA4 /* Main.storyboard */,
				5E8389671C4DBACF00476AA4 /* Assets.xcassets */,
				5E8389691C4DBACF00476AA4 /* LaunchScreen.storyboard */,
				5E83896C1C4DBACF00476AA4 /* Info.plist */,
				5E827DF71C4DBC03006C3274 /* doListController.swift */,
			);
			path = TrudieDo;
			sourceTree = "<group>";
		};
		90899254C18661B190857955 /* Frameworks */ = {
			isa = PBXGroup;
			children = (
				9EDAB827C4A7B1E2AB19E18C /* Pods.framework */,
			);
			name = Frameworks;
			sourceTree = "<group>";
		};
		9CC1EF6690078049C39C02B7 /* Pods */ = {
			isa = PBXGroup;
			children = (
				5D15D619D5CE31760F30F901 /* Pods.debug.xcconfig */,
				B0C1DB1F94EA8518CC1080D1 /* Pods.release.xcconfig */,
			);
			name = Pods;
			sourceTree = "<group>";
		};
/* End PBXGroup section */

/* Begin PBXNativeTarget section */
		5E83895C1C4DBACF00476AA4 /* TrudieDo */ = {
			isa = PBXNativeTarget;
			buildConfigurationList = 5E83896F1C4DBACF00476AA4 /* Build configuration list for PBXNativeTarget "TrudieDo" */;
			buildPhases = (
				32617D052F0857341D110379 /* Check Pods Manifest.lock */,
				5E8389591C4DBACF00476AA4 /* Sources */,
				5E83895A1C4DBACF00476AA4 /* Frameworks */,
				5E83895B1C4DBACF00476AA4 /* Resources */,
				9BAF2F85A4581BEAA0996ABC /* Embed Pods Frameworks */,
				716D307C3C3F678F8F1458EC /* Copy Pods Resources */,
			);
			buildRules = (
			);
			dependencies = (
			);
			name = TrudieDo;
			productName = TrudieDo;
			productReference = 5E83895D1C4DBACF00476AA4 /* TrudieDo.app */;
			productType = "com.apple.product-type.application";
		};
/* End PBXNativeTarget section */

/* Begin PBXProject section */
		5E8389551C4DBACF00476AA4 /* Project object */ = {
			isa = PBXProject;
			attributes = {
				LastSwiftUpdateCheck = 0720;
				LastUpgradeCheck = 0720;
				ORGANIZATIONNAME = "Strip Mall Software";
				TargetAttributes = {
					5E83895C1C4DBACF00476AA4 = {
						CreatedOnToolsVersion = 7.2;
					};
				};
			};
			buildConfigurationList = 5E8389581C4DBACF00476AA4 /* Build configuration list for PBXProject "TrudieDo" */;
			compatibilityVersion = "Xcode 3.2";
			developmentRegion = English;
			hasScannedForEncodings = 0;
			knownRegions = (
				en,
				Base,
			);
			mainGroup = 5E8389541C4DBACF00476AA4;
			productRefGroup = 5E83895E1C4DBACF00476AA4 /* Products */;
			projectDirPath = "";
			projectRoot = "";
			targets = (
				5E83895C1C4DBACF00476AA4 /* TrudieDo */,
			);
		};
/* End PBXProject section */

/* Begin PBXResourcesBuildPhase section */
		5E83895B1C4DBACF00476AA4 /* Resources */ = {
			isa = PBXResourcesBuildPhase;
			buildActionMask = 2147483647;
			files = (
				5E83896B1C4DBACF00476AA4 /* LaunchScreen.storyboard in Resources */,
				5E8389681C4DBACF00476AA4 /* Assets.xcassets in Resources */,
				5E8389661C4DBACF00476AA4 /* Main.storyboard in Resources */,
			);
			runOnlyForDeploymentPostprocessing = 0;
		};
/* End PBXResourcesBuildPhase section */

/* Begin PBXShellScriptBuildPhase section */
		32617D052F0857341D110379 /* Check Pods Manifest.lock */ = {
			isa = PBXShellScriptBuildPhase;
			buildActionMask = 2147483647;
			files = (
			);
			inputPaths = (
			);
			name = "Check Pods Manifest.lock";
			outputPaths = (
			);
			runOnlyForDeploymentPostprocessing = 0;
			shellPath = /bin/sh;
			shellScript = "diff \"${PODS_ROOT}/../Podfile.lock\" \"${PODS_ROOT}/Manifest.lock\" > /dev/null\nif [[ $? != 0 ]] ; then\n    cat << EOM\nerror: The sandbox is not in sync with the Podfile.lock. Run 'pod install' or update your CocoaPods installation.\nEOM\n    exit 1\nfi\n";
			showEnvVarsInLog = 0;
		};
		716D307C3C3F678F8F1458EC /* Copy Pods Resources */ = {
			isa = PBXShellScriptBuildPhase;
			buildActionMask = 2147483647;
			files = (
			);
			inputPaths = (
			);
			name = "Copy Pods Resources";
			outputPaths = (
			);
			runOnlyForDeploymentPostprocessing = 0;
			shellPath = /bin/sh;
			shellScript = "\"${SRCROOT}/Pods/Target Support Files/Pods/Pods-resources.sh\"\n";
			showEnvVarsInLog = 0;
		};
		9BAF2F85A4581BEAA0996ABC /* Embed Pods Frameworks */ = {
			isa = PBXShellScriptBuildPhase;
			buildActionMask = 2147483647;
			files = (
			);
			inputPaths = (
			);
			name = "Embed Pods Frameworks";
			outputPaths = (
			);
			runOnlyForDeploymentPostprocessing = 0;
			shellPath = /bin/sh;
			shellScript = "\"${SRCROOT}/Pods/Target Support Files/Pods/Pods-frameworks.sh\"\n";
			showEnvVarsInLog = 0;
		};
/* End PBXShellScriptBuildPhase section */

/* Begin PBXSourcesBuildPhase section */
		5E8389591C4DBACF00476AA4 /* Sources */ = {
			isa = PBXSourcesBuildPhase;
			buildActionMask = 2147483647;
			files = (
				5E827DF81C4DBC03006C3274 /* doListController.swift in Sources */,
				5E8389611C4DBACF00476AA4 /* AppDelegate.swift in Sources */,
			);
			runOnlyForDeploymentPostprocessing = 0;
		};
/* End PBXSourcesBuildPhase section */

/* Begin PBXVariantGroup section */
		5E8389641C4DBACF00476AA4 /* Main.storyboard */ = {
			isa = PBXVariantGroup;
			children = (
				5E8389651C4DBACF00476AA4 /* Base */,
			);
			name = Main.storyboard;
			sourceTree = "<group>";
		};
		5E8389691C4DBACF00476AA4 /* LaunchScreen.storyboard */ = {
			isa = PBXVariantGroup;
			children = (
				5E83896A1C4DBACF00476AA4 /* Base */,
			);
			name = LaunchScreen.storyboard;
			sourceTree = "<group>";
		};
/* End PBXVariantGroup section */

/* Begin XCBuildConfiguration section */
		5E83896D1C4DBACF00476AA4 /* Debug */ = {
			isa = XCBuildConfiguration;
			buildSettings = {
				ALWAYS_SEARCH_USER_PATHS = NO;
				CLANG_CXX_LANGUAGE_STANDARD = "gnu++0x";
				CLANG_CXX_LIBRARY = "libc++";
				CLANG_ENABLE_MODULES = YES;
				CLANG_ENABLE_OBJC_ARC = YES;
				CLANG_WARN_BOOL_CONVERSION = YES;
				CLANG_WARN_CONSTANT_CONVERSION = YES;
				CLANG_WARN_DIRECT_OBJC_ISA_USAGE = YES_ERROR;
				CLANG_WARN_EMPTY_BODY = YES;
				CLANG_WARN_ENUM_CONVERSION = YES;
				CLANG_WARN_INT_CONVERSION = YES;
				CLANG_WARN_OBJC_ROOT_CLASS = YES_ERROR;
				CLANG_WARN_UNREACHABLE_CODE = YES;
				CLANG_WARN__DUPLICATE_METHOD_MATCH = YES;
				"CODE_SIGN_IDENTITY[sdk=iphoneos*]" = "iPhone Developer";
				COPY_PHASE_STRIP = NO;
				DEBUG_INFORMATION_FORMAT = dwarf;
				ENABLE_STRICT_OBJC_MSGSEND = YES;
				ENABLE_TESTABILITY = YES;
				GCC_C_LANGUAGE_STANDARD = gnu99;
				GCC_DYNAMIC_NO_PIC = NO;
				GCC_NO_COMMON_BLOCKS = YES;
				GCC_OPTIMIZATION_LEVEL = 0;
				GCC_PREPROCESSOR_DEFINITIONS = (
					"DEBUG=1",
					"$(inherited)",
				);
				GCC_WARN_64_TO_32_BIT_CONVERSION = YES;
				GCC_WARN_ABOUT_RETURN_TYPE = YES_ERROR;
				GCC_WARN_UNDECLARED_SELECTOR = YES;
				GCC_WARN_UNINITIALIZED_AUTOS = YES_AGGRESSIVE;
				GCC_WARN_UNUSED_FUNCTION = YES;
				GCC_WARN_UNUSED_VARIABLE = YES;
				IPHONEOS_DEPLOYMENT_TARGET = 9.2;
				MTL_ENABLE_DEBUG_INFO = YES;
				ONLY_ACTIVE_ARCH = YES;
				SDKROOT = iphoneos;
				SWIFT_OPTIMIZATION_LEVEL = "-Onone";
				TARGETED_DEVICE_FAMILY = "1,2";
			};
			name = Debug;
		};
		5E83896E1C4DBACF00476AA4 /* Release */ = {
			isa = XCBuildConfiguration;
			buildSettings = {
				ALWAYS_SEARCH_USER_PATHS = NO;
				CLANG_CXX_LANGUAGE_STANDARD = "gnu++0x";
				CLANG_CXX_LIBRARY = "libc++";
				CLANG_ENABLE_MODULES = YES;
				CLANG_ENABLE_OBJC_ARC = YES;
				CLANG_WARN_BOOL_CONVERSION = YES;
				CLANG_WARN_CONSTANT_CONVERSION = YES;
				CLANG_WARN_DIRECT_OBJC_ISA_USAGE = YES_ERROR;
				CLANG_WARN_EMPTY_BODY = YES;
				CLANG_WARN_ENUM_CONVERSION = YES;
				CLANG_WARN_INT_CONVERSION = YES;
				CLANG_WARN_OBJC_ROOT_CLASS = YES_ERROR;
				CLANG_WARN_UNREACHABLE_CODE = YES;
				CLANG_WARN__DUPLICATE_METHOD_MATCH = YES;
				"CODE_SIGN_IDENTITY[sdk=iphoneos*]" = "iPhone Developer";
				COPY_PHASE_STRIP = NO;
				DEBUG_INFORMATION_FORMAT = "dwarf-with-dsym";
				ENABLE_NS_ASSERTIONS = NO;
				ENABLE_STRICT_OBJC_MSGSEND = YES;
				GCC_C_LANGUAGE_STANDARD = gnu99;
				GCC_NO_COMMON_BLOCKS = YES;
				GCC_WARN_64_TO_32_BIT_CONVERSION = YES;
				GCC_WARN_ABOUT_RETURN_TYPE = YES_ERROR;
				GCC_WARN_UNDECLARED_SELECTOR = YES;
				GCC_WARN_UNINITIALIZED_AUTOS = YES_AGGRESSIVE;
				GCC_WARN_UNUSED_FUNCTION = YES;
				GCC_WARN_UNUSED_VARIABLE = YES;
				IPHONEOS_DEPLOYMENT_TARGET = 9.2;
				MTL_ENABLE_DEBUG_INFO = NO;
				SDKROOT = iphoneos;
				TARGETED_DEVICE_FAMILY = "1,2";
				VALIDATE_PRODUCT = YES;
			};
			name = Release;
		};
		5E8389701C4DBACF00476AA4 /* Debug */ = {
			isa = XCBuildConfiguration;
			baseConfigurationReference = 5D15D619D5CE31760F30F901 /* Pods.debug.xcconfig */;
			buildSettings = {
				ASSETCATALOG_COMPILER_APPICON_NAME = AppIcon;
				INFOPLIST_FILE = TrudieDo/Info.plist;
				IPHONEOS_DEPLOYMENT_TARGET = 9.1;
				LD_RUNPATH_SEARCH_PATHS = "$(inherited) @executable_path/Frameworks";
				PRODUCT_BUNDLE_IDENTIFIER = stripmallsoftware.TrudieDo;
				PRODUCT_NAME = "$(TARGET_NAME)";
			};
			name = Debug;
		};
		5E8389711C4DBACF00476AA4 /* Release */ = {
			isa = XCBuildConfiguration;
			baseConfigurationReference = B0C1DB1F94EA8518CC1080D1 /* Pods.release.xcconfig */;
			buildSettings = {
				ASSETCATALOG_COMPILER_APPICON_NAME = AppIcon;
				INFOPLIST_FILE = TrudieDo/Info.plist;
				IPHONEOS_DEPLOYMENT_TARGET = 9.1;
				LD_RUNPATH_SEARCH_PATHS = "$(inherited) @executable_path/Frameworks";
				PRODUCT_BUNDLE_IDENTIFIER = stripmallsoftware.TrudieDo;
				PRODUCT_NAME = "$(TARGET_NAME)";
			};
			name = Release;
		};
/* End XCBuildConfiguration section */

/* Begin XCConfigurationList section */
		5E8389581C4DBACF00476AA4 /* Build configuration list for PBXProject "TrudieDo" */ = {
			isa = XCConfigurationList;
			buildConfigurations = (
				5E83896D1C4DBACF00476AA4 /* Debug */,
				5E83896E1C4DBACF00476AA4 /* Release */,
			);
			defaultConfigurationIsVisible = 0;
			defaultConfigurationName = Release;
		};
		5E83896F1C4DBACF00476AA4 /* Build configuration list for PBXNativeTarget "TrudieDo" */ = {
			isa = XCConfigurationList;
			buildConfigurations = (
				5E8389701C4DBACF00476AA4 /* Debug */,
				5E8389711C4DBACF00476AA4 /* Release */,
			);
			defaultConfigurationIsVisible = 0;
			defaultConfigurationName = Release;
		};
/* End XCConfigurationList section */
	};
	rootObject = 5E8389551C4DBACF00476AA4 /* Project object */;
}
